
Microsoft Visual Studio Solution File, Format Version 12.00
# Visual Studio 14
VisualStudioVersion = 14.0.22823.1
MinimumVisualStudioVersion = 10.0.40219.1
Project("{FAE04EC0-301F-11D3-BF4B-00C04F79EFBC}") = "MebelkiModel", "MebelkiModel\MebelkiModel.csproj", "{A6E48910-ADB4-4649-BC60-E289DC5E117E}"
EndProject
Project("{FAE04EC0-301F-11D3-BF4B-00C04F79EFBC}") = "MebelkiViewForms", "MebelkiViewForms\MebelkiViewForms.csproj", "{45CA26AF-8C83-4531-9A12-D3C3EAD6DE15}"
EndProject
Project("{FAE04EC0-301F-11D3-BF4B-00C04F79EFBC}") = "MebelkiLogic", "MebelkiLogic\MebelkiLogic.csproj", "{9A5EEBE9-2856-4606-8C35-F1BAF01C18A2}"
EndProject
Global
	GlobalSection(SolutionConfigurationPlatforms) = preSolution
		Debug|Any CPU = Debug|Any CPU
		Release|Any CPU = Release|Any CPU
	EndGlobalSection
	GlobalSection(ProjectConfigurationPlatforms) = postSolution
		{A6E48910-ADB4-4649-BC60-E289DC5E117E}.Debug|Any CPU.ActiveCfg = Debug|Any CPU
		{A6E48910-ADB4-4649-BC60-E289DC5E117E}.Debug|Any CPU.Build.0 = Debug|Any CPU
		{A6E48910-ADB4-4649-BC60-E289DC5E117E}.Release|Any CPU.ActiveCfg = Release|Any CPU
		{A6E48910-ADB4-4649-BC60-E289DC5E117E}.Release|Any CPU.Build.0 = Release|Any CPU
		{45CA26AF-8C83-4531-9A12-D3C3EAD6DE15}.Debug|Any CPU.ActiveCfg = Debug|Any CPU
		{45CA26AF-8C83-4531-9A12-D3C3EAD6DE15}.Debug|Any CPU.Build.0 = Debug|Any CPU
		{45CA26AF-8C83-4531-9A12-D3C3EAD6DE15}.Release|Any CPU.ActiveCfg = Release|Any CPU
		{45CA26AF-8C83-4531-9A12-D3C3EAD6DE15}.Release|Any CPU.Build.0 = Release|Any CPU
		{9A5EEBE9-2856-4606-8C35-F1BAF01C18A2}.Debug|Any CPU.ActiveCfg = Debug|Any CPU
		{9A5EEBE9-2856-4606-8C35-F1BAF01C18A2}.Debug|Any CPU.Build.0 = Debug|Any CPU
		{9A5EEBE9-2856-4606-8C35-F1BAF01C18A2}.Release|Any CPU.ActiveCfg = Release|Any CPU
		{9A5EEBE9-2856-4606-8C35-F1BAF01C18A2}.Release|Any CPU.Build.0 = Release|Any CPU
	EndGlobalSection
	GlobalSection(SolutionProperties) = preSolution
		HideSolutionNode = FALSE
	EndGlobalSection
EndGlobal
